
Microsoft Visual Studio Solution File, Format Version 12.00
# Visual Studio Version 17
VisualStudioVersion = 17.2.32616.157
MinimumVisualStudioVersion = 10.0.40219.1
Project("{FAE04EC0-301F-11D3-BF4B-00C04F79EFBC}") = "TheOmenDen.EventStore", "TheOmenDen.EventStore\TheOmenDen.EventStore.csproj", "{8D8E9524-68D2-4CE6-9B69-88D7B1878010}"
EndProject
Global
	GlobalSection(SolutionConfigurationPlatforms) = preSolution
		Debug|Any CPU = Debug|Any CPU
		Release|Any CPU = Release|Any CPU
	EndGlobalSection
	GlobalSection(ProjectConfigurationPlatforms) = postSolution
		{8D8E9524-68D2-4CE6-9B69-88D7B1878010}.Debug|Any CPU.ActiveCfg = Debug|Any CPU
		{8D8E9524-68D2-4CE6-9B69-88D7B1878010}.Debug|Any CPU.Build.0 = Debug|Any CPU
		{8D8E9524-68D2-4CE6-9B69-88D7B1878010}.Release|Any CPU.ActiveCfg = Release|Any CPU
		{8D8E9524-68D2-4CE6-9B69-88D7B1878010}.Release|Any CPU.Build.0 = Release|Any CPU
	EndGlobalSection
	GlobalSection(SolutionProperties) = preSolution
		HideSolutionNode = FALSE
	EndGlobalSection
	GlobalSection(ExtensibilityGlobals) = postSolution
		SolutionGuid = {4BB0D8A4-B6DD-4B49-AAAF-78CCE63D0886}
	EndGlobalSection
EndGlobal
